
Microsoft Visual Studio Solution File, Format Version 12.00
# Visual Studio Version 17
VisualStudioVersion = 17.0.31903.59
MinimumVisualStudioVersion = 10.0.40219.1
Project("{FAE04EC0-301F-11D3-BF4B-00C04F79EFBC}") = "A1FirstProgram", "A1FirstProgram\A1FirstProgram.csproj", "{5C665D6A-68FA-4696-AB81-EEDD7BB495AD}"
EndProject
Project("{FAE04EC0-301F-11D3-BF4B-00C04F79EFBC}") = "A2FunctionDemo", "A2FunctionDemo\A2FunctionDemo.csproj", "{F6000AD9-EA6C-4041-A1CB-EE16CC46DC41}"
EndProject
Global
	GlobalSection(SolutionConfigurationPlatforms) = preSolution
		Debug|Any CPU = Debug|Any CPU
		Release|Any CPU = Release|Any CPU
	EndGlobalSection
	GlobalSection(SolutionProperties) = preSolution
		HideSolutionNode = FALSE
	EndGlobalSection
	GlobalSection(ProjectConfigurationPlatforms) = postSolution
		{5C665D6A-68FA-4696-AB81-EEDD7BB495AD}.Debug|Any CPU.ActiveCfg = Debug|Any CPU
		{5C665D6A-68FA-4696-AB81-EEDD7BB495AD}.Debug|Any CPU.Build.0 = Debug|Any CPU
		{5C665D6A-68FA-4696-AB81-EEDD7BB495AD}.Release|Any CPU.ActiveCfg = Release|Any CPU
		{5C665D6A-68FA-4696-AB81-EEDD7BB495AD}.Release|Any CPU.Build.0 = Release|Any CPU
		{F6000AD9-EA6C-4041-A1CB-EE16CC46DC41}.Debug|Any CPU.ActiveCfg = Debug|Any CPU
		{F6000AD9-EA6C-4041-A1CB-EE16CC46DC41}.Debug|Any CPU.Build.0 = Debug|Any CPU
		{F6000AD9-EA6C-4041-A1CB-EE16CC46DC41}.Release|Any CPU.ActiveCfg = Release|Any CPU
		{F6000AD9-EA6C-4041-A1CB-EE16CC46DC41}.Release|Any CPU.Build.0 = Release|Any CPU
	EndGlobalSection
EndGlobal
